
Microsoft Visual Studio Solution File, Format Version 12.00
# Visual Studio Version 17
VisualStudioVersion = 17.11.35222.181
MinimumVisualStudioVersion = 10.0.40219.1
Project("{9A19103F-16F7-4668-BE54-9A1E7A4F7556}") = "TabiSaki.WebApp", "TabiSaki.WebApp\TabiSaki.WebApp.csproj", "{F5C9619C-299B-4C35-9966-4D227862B5B8}"
EndProject
Project("{9A19103F-16F7-4668-BE54-9A1E7A4F7556}") = "LeafletClient", "LeafletClient\LeafletClient.csproj", "{F8CE8E9D-EF94-4AF1-8D8B-295FFCFA2FBF}"
EndProject
Project("{9A19103F-16F7-4668-BE54-9A1E7A4F7556}") = "TabiSaki.Domain", "TabiSaki.Domain\TabiSaki.Domain.csproj", "{75D064E2-E3A9-426E-B90E-D8471E913D6B}"
EndProject
Project("{9A19103F-16F7-4668-BE54-9A1E7A4F7556}") = "TabiSaki.Application", "TabiSaki.Application\TabiSaki.Application.csproj", "{673C7206-C7C0-45AC-BFCC-977067F97B15}"
EndProject
Project("{9A19103F-16F7-4668-BE54-9A1E7A4F7556}") = "TabiSaki.Data", "TabiSaki.Data\TabiSaki.Data.csproj", "{E008118F-7DBC-4574-AEFD-6DE6AA16EEDC}"
EndProject
Project("{9A19103F-16F7-4668-BE54-9A1E7A4F7556}") = "TabiSaki.ApplicationGlue", "TabiSaki.ApplicationGlue\TabiSaki.ApplicationGlue.csproj", "{EFB44DE4-D67F-4C0C-8072-DF4F103AC5A6}"
EndProject
Project("{FAE04EC0-301F-11D3-BF4B-00C04F79EFBC}") = "TabiSaki.Services", "TabiSaki.Services\TabiSaki.Services.csproj", "{1CEEB3AE-EA82-4BF8-925C-36C70D7645BF}"
EndProject
Global
	GlobalSection(SolutionConfigurationPlatforms) = preSolution
		Debug|Any CPU = Debug|Any CPU
		Release|Any CPU = Release|Any CPU
	EndGlobalSection
	GlobalSection(ProjectConfigurationPlatforms) = postSolution
		{F5C9619C-299B-4C35-9966-4D227862B5B8}.Debug|Any CPU.ActiveCfg = Debug|Any CPU
		{F5C9619C-299B-4C35-9966-4D227862B5B8}.Debug|Any CPU.Build.0 = Debug|Any CPU
		{F5C9619C-299B-4C35-9966-4D227862B5B8}.Release|Any CPU.ActiveCfg = Release|Any CPU
		{F5C9619C-299B-4C35-9966-4D227862B5B8}.Release|Any CPU.Build.0 = Release|Any CPU
		{F8CE8E9D-EF94-4AF1-8D8B-295FFCFA2FBF}.Debug|Any CPU.ActiveCfg = Debug|Any CPU
		{F8CE8E9D-EF94-4AF1-8D8B-295FFCFA2FBF}.Debug|Any CPU.Build.0 = Debug|Any CPU
		{F8CE8E9D-EF94-4AF1-8D8B-295FFCFA2FBF}.Release|Any CPU.ActiveCfg = Release|Any CPU
		{F8CE8E9D-EF94-4AF1-8D8B-295FFCFA2FBF}.Release|Any CPU.Build.0 = Release|Any CPU
		{75D064E2-E3A9-426E-B90E-D8471E913D6B}.Debug|Any CPU.ActiveCfg = Debug|Any CPU
		{75D064E2-E3A9-426E-B90E-D8471E913D6B}.Debug|Any CPU.Build.0 = Debug|Any CPU
		{75D064E2-E3A9-426E-B90E-D8471E913D6B}.Release|Any CPU.ActiveCfg = Release|Any CPU
		{75D064E2-E3A9-426E-B90E-D8471E913D6B}.Release|Any CPU.Build.0 = Release|Any CPU
		{673C7206-C7C0-45AC-BFCC-977067F97B15}.Debug|Any CPU.ActiveCfg = Debug|Any CPU
		{673C7206-C7C0-45AC-BFCC-977067F97B15}.Debug|Any CPU.Build.0 = Debug|Any CPU
		{673C7206-C7C0-45AC-BFCC-977067F97B15}.Release|Any CPU.ActiveCfg = Release|Any CPU
		{673C7206-C7C0-45AC-BFCC-977067F97B15}.Release|Any CPU.Build.0 = Release|Any CPU
		{E008118F-7DBC-4574-AEFD-6DE6AA16EEDC}.Debug|Any CPU.ActiveCfg = Debug|Any CPU
		{E008118F-7DBC-4574-AEFD-6DE6AA16EEDC}.Debug|Any CPU.Build.0 = Debug|Any CPU
		{E008118F-7DBC-4574-AEFD-6DE6AA16EEDC}.Release|Any CPU.ActiveCfg = Release|Any CPU
		{E008118F-7DBC-4574-AEFD-6DE6AA16EEDC}.Release|Any CPU.Build.0 = Release|Any CPU
		{EFB44DE4-D67F-4C0C-8072-DF4F103AC5A6}.Debug|Any CPU.ActiveCfg = Debug|Any CPU
		{EFB44DE4-D67F-4C0C-8072-DF4F103AC5A6}.Debug|Any CPU.Build.0 = Debug|Any CPU
		{EFB44DE4-D67F-4C0C-8072-DF4F103AC5A6}.Release|Any CPU.ActiveCfg = Release|Any CPU
		{EFB44DE4-D67F-4C0C-8072-DF4F103AC5A6}.Release|Any CPU.Build.0 = Release|Any CPU
		{1CEEB3AE-EA82-4BF8-925C-36C70D7645BF}.Debug|Any CPU.ActiveCfg = Debug|Any CPU
		{1CEEB3AE-EA82-4BF8-925C-36C70D7645BF}.Debug|Any CPU.Build.0 = Debug|Any CPU
		{1CEEB3AE-EA82-4BF8-925C-36C70D7645BF}.Release|Any CPU.ActiveCfg = Release|Any CPU
		{1CEEB3AE-EA82-4BF8-925C-36C70D7645BF}.Release|Any CPU.Build.0 = Release|Any CPU
	EndGlobalSection
	GlobalSection(SolutionProperties) = preSolution
		HideSolutionNode = FALSE
	EndGlobalSection
	GlobalSection(ExtensibilityGlobals) = postSolution
		SolutionGuid = {9A543431-BED2-4006-B1A8-DE7B03AC407A}
	EndGlobalSection
EndGlobal
