
Microsoft Visual Studio Solution File, Format Version 12.00
# Visual Studio Version 17
VisualStudioVersion = 17.11.35222.181
MinimumVisualStudioVersion = 10.0.40219.1
Project("{9A19103F-16F7-4668-BE54-9A1E7A4F7556}") = "WebApp", "WebApp\WebApp.csproj", "{F5C9619C-299B-4C35-9966-4D227862B5B8}"
EndProject
Project("{FAE04EC0-301F-11D3-BF4B-00C04F79EFBC}") = "LeafletClient", "LeafletClient\LeafletClient.csproj", "{F8CE8E9D-EF94-4AF1-8D8B-295FFCFA2FBF}"
EndProject
Global
	GlobalSection(SolutionConfigurationPlatforms) = preSolution
		Debug|Any CPU = Debug|Any CPU
		Release|Any CPU = Release|Any CPU
	EndGlobalSection
	GlobalSection(ProjectConfigurationPlatforms) = postSolution
		{F5C9619C-299B-4C35-9966-4D227862B5B8}.Debug|Any CPU.ActiveCfg = Debug|Any CPU
		{F5C9619C-299B-4C35-9966-4D227862B5B8}.Debug|Any CPU.Build.0 = Debug|Any CPU
		{F5C9619C-299B-4C35-9966-4D227862B5B8}.Release|Any CPU.ActiveCfg = Release|Any CPU
		{F5C9619C-299B-4C35-9966-4D227862B5B8}.Release|Any CPU.Build.0 = Release|Any CPU
		{F8CE8E9D-EF94-4AF1-8D8B-295FFCFA2FBF}.Debug|Any CPU.ActiveCfg = Debug|Any CPU
		{F8CE8E9D-EF94-4AF1-8D8B-295FFCFA2FBF}.Debug|Any CPU.Build.0 = Debug|Any CPU
		{F8CE8E9D-EF94-4AF1-8D8B-295FFCFA2FBF}.Release|Any CPU.ActiveCfg = Release|Any CPU
		{F8CE8E9D-EF94-4AF1-8D8B-295FFCFA2FBF}.Release|Any CPU.Build.0 = Release|Any CPU
	EndGlobalSection
	GlobalSection(SolutionProperties) = preSolution
		HideSolutionNode = FALSE
	EndGlobalSection
	GlobalSection(ExtensibilityGlobals) = postSolution
		SolutionGuid = {9A543431-BED2-4006-B1A8-DE7B03AC407A}
	EndGlobalSection
EndGlobal
